
Microsoft Visual Studio Solution File, Format Version 12.00
# Visual Studio Version 17
VisualStudioVersion = 17.10.35122.118
MinimumVisualStudioVersion = 10.0.40219.1
Project("{9A19103F-16F7-4668-BE54-9A1E7A4F7556}") = "XCEngine.Server", "XCEngine.Server\XCEngine.Server.csproj", "{C65EEC46-3215-4EF8-A67B-D507B3EE1E06}"
EndProject
Project("{9A19103F-16F7-4668-BE54-9A1E7A4F7556}") = "XCEngine.Core", "XCEngine.Core\XCEngine.Core.csproj", "{9AAFA08E-748E-4091-86B0-95714D4141FE}"
EndProject
Project("{9A19103F-16F7-4668-BE54-9A1E7A4F7556}") = "XCEngine.Game", "XCEngine.Game\XCEngine.Game.csproj", "{B0B93979-E290-44B3-B6A1-27D0C518BA89}"
EndProject
Project("{2150E333-8FDC-42A3-9474-1A3956D46DE8}") = "Examples", "Examples", "{D1FDA99A-FE4B-4CD0-A5FD-23E82112271C}"
EndProject
Project("{2150E333-8FDC-42A3-9474-1A3956D46DE8}") = "XCEngine.Server", "XCEngine.Server", "{B97C7974-3B43-465A-9BBA-E0182D43F4BB}"
EndProject
Project("{2150E333-8FDC-42A3-9474-1A3956D46DE8}") = "Hotfix", "Hotfix", "{19C06765-3754-4F8A-A65B-F5CA98BD16AE}"
EndProject
Project("{9A19103F-16F7-4668-BE54-9A1E7A4F7556}") = "XCEngine.Server.Example.Hotfix", "Examples\XCEngine.Server\Hotfix\XCEngine.Server.Example.Hotfix\XCEngine.Server.Example.Hotfix.csproj", "{36B303BC-801A-492B-B5D2-59CA8A4906D8}"
	ProjectSection(ProjectDependencies) = postProject
		{0B3AE8F9-BF59-4DA8-8B5E-F993FAE8A02A} = {0B3AE8F9-BF59-4DA8-8B5E-F993FAE8A02A}
		{D3F5745D-4869-48D1-8D09-CB970BE7EBE5} = {D3F5745D-4869-48D1-8D09-CB970BE7EBE5}
	EndProjectSection
EndProject
Project("{9A19103F-16F7-4668-BE54-9A1E7A4F7556}") = "XCEngine.Server.Example.Hotfix.Model", "Examples\XCEngine.Server\Hotfix\XCEngine.Server.Example.Hotfix.Model\XCEngine.Server.Example.Hotfix.Model.csproj", "{0B3AE8F9-BF59-4DA8-8B5E-F993FAE8A02A}"
EndProject
Project("{9A19103F-16F7-4668-BE54-9A1E7A4F7556}") = "XCEngine.Server.Example.Hotfix.ModelHotfix", "Examples\XCEngine.Server\Hotfix\XCEngine.Server.Example.Hotfix.ModelHotfix\XCEngine.Server.Example.Hotfix.ModelHotfix.csproj", "{D3F5745D-4869-48D1-8D09-CB970BE7EBE5}"
EndProject
Project("{9A19103F-16F7-4668-BE54-9A1E7A4F7556}") = "XCEngine.Server.Example", "Examples\XCEngine.Server\XCEngine.Server.Example\XCEngine.Server.Example.csproj", "{3EEEE134-5013-4C90-9261-41198B7EF12F}"
EndProject
Project("{9A19103F-16F7-4668-BE54-9A1E7A4F7556}") = "XCEngine.Server.Example.TcpSocket", "Examples\XCEngine.Server\XCEngine.Server.Example.TcpSocket\XCEngine.Server.Example.TcpSocket.csproj", "{D2E65C80-01FE-4598-846C-F0D581E9AD59}"
EndProject
Global
	GlobalSection(SolutionConfigurationPlatforms) = preSolution
		Debug|Any CPU = Debug|Any CPU
		Release|Any CPU = Release|Any CPU
	EndGlobalSection
	GlobalSection(ProjectConfigurationPlatforms) = postSolution
		{C65EEC46-3215-4EF8-A67B-D507B3EE1E06}.Debug|Any CPU.ActiveCfg = Debug|Any CPU
		{C65EEC46-3215-4EF8-A67B-D507B3EE1E06}.Debug|Any CPU.Build.0 = Debug|Any CPU
		{C65EEC46-3215-4EF8-A67B-D507B3EE1E06}.Release|Any CPU.ActiveCfg = Release|Any CPU
		{C65EEC46-3215-4EF8-A67B-D507B3EE1E06}.Release|Any CPU.Build.0 = Release|Any CPU
		{9AAFA08E-748E-4091-86B0-95714D4141FE}.Debug|Any CPU.ActiveCfg = Debug|Any CPU
		{9AAFA08E-748E-4091-86B0-95714D4141FE}.Debug|Any CPU.Build.0 = Debug|Any CPU
		{9AAFA08E-748E-4091-86B0-95714D4141FE}.Release|Any CPU.ActiveCfg = Release|Any CPU
		{9AAFA08E-748E-4091-86B0-95714D4141FE}.Release|Any CPU.Build.0 = Release|Any CPU
		{B0B93979-E290-44B3-B6A1-27D0C518BA89}.Debug|Any CPU.ActiveCfg = Debug|Any CPU
		{B0B93979-E290-44B3-B6A1-27D0C518BA89}.Debug|Any CPU.Build.0 = Debug|Any CPU
		{B0B93979-E290-44B3-B6A1-27D0C518BA89}.Release|Any CPU.ActiveCfg = Release|Any CPU
		{B0B93979-E290-44B3-B6A1-27D0C518BA89}.Release|Any CPU.Build.0 = Release|Any CPU
		{36B303BC-801A-492B-B5D2-59CA8A4906D8}.Debug|Any CPU.ActiveCfg = Debug|Any CPU
		{36B303BC-801A-492B-B5D2-59CA8A4906D8}.Debug|Any CPU.Build.0 = Debug|Any CPU
		{36B303BC-801A-492B-B5D2-59CA8A4906D8}.Release|Any CPU.ActiveCfg = Release|Any CPU
		{36B303BC-801A-492B-B5D2-59CA8A4906D8}.Release|Any CPU.Build.0 = Release|Any CPU
		{0B3AE8F9-BF59-4DA8-8B5E-F993FAE8A02A}.Debug|Any CPU.ActiveCfg = Debug|Any CPU
		{0B3AE8F9-BF59-4DA8-8B5E-F993FAE8A02A}.Debug|Any CPU.Build.0 = Debug|Any CPU
		{0B3AE8F9-BF59-4DA8-8B5E-F993FAE8A02A}.Release|Any CPU.ActiveCfg = Release|Any CPU
		{0B3AE8F9-BF59-4DA8-8B5E-F993FAE8A02A}.Release|Any CPU.Build.0 = Release|Any CPU
		{D3F5745D-4869-48D1-8D09-CB970BE7EBE5}.Debug|Any CPU.ActiveCfg = Debug|Any CPU
		{D3F5745D-4869-48D1-8D09-CB970BE7EBE5}.Debug|Any CPU.Build.0 = Debug|Any CPU
		{D3F5745D-4869-48D1-8D09-CB970BE7EBE5}.Release|Any CPU.ActiveCfg = Release|Any CPU
		{D3F5745D-4869-48D1-8D09-CB970BE7EBE5}.Release|Any CPU.Build.0 = Release|Any CPU
		{3EEEE134-5013-4C90-9261-41198B7EF12F}.Debug|Any CPU.ActiveCfg = Debug|Any CPU
		{3EEEE134-5013-4C90-9261-41198B7EF12F}.Debug|Any CPU.Build.0 = Debug|Any CPU
		{3EEEE134-5013-4C90-9261-41198B7EF12F}.Release|Any CPU.ActiveCfg = Release|Any CPU
		{3EEEE134-5013-4C90-9261-41198B7EF12F}.Release|Any CPU.Build.0 = Release|Any CPU
		{D2E65C80-01FE-4598-846C-F0D581E9AD59}.Debug|Any CPU.ActiveCfg = Debug|Any CPU
		{D2E65C80-01FE-4598-846C-F0D581E9AD59}.Debug|Any CPU.Build.0 = Debug|Any CPU
		{D2E65C80-01FE-4598-846C-F0D581E9AD59}.Release|Any CPU.ActiveCfg = Release|Any CPU
		{D2E65C80-01FE-4598-846C-F0D581E9AD59}.Release|Any CPU.Build.0 = Release|Any CPU
	EndGlobalSection
	GlobalSection(SolutionProperties) = preSolution
		HideSolutionNode = FALSE
	EndGlobalSection
	GlobalSection(NestedProjects) = preSolution
		{B97C7974-3B43-465A-9BBA-E0182D43F4BB} = {D1FDA99A-FE4B-4CD0-A5FD-23E82112271C}
		{19C06765-3754-4F8A-A65B-F5CA98BD16AE} = {B97C7974-3B43-465A-9BBA-E0182D43F4BB}
		{36B303BC-801A-492B-B5D2-59CA8A4906D8} = {19C06765-3754-4F8A-A65B-F5CA98BD16AE}
		{0B3AE8F9-BF59-4DA8-8B5E-F993FAE8A02A} = {19C06765-3754-4F8A-A65B-F5CA98BD16AE}
		{D3F5745D-4869-48D1-8D09-CB970BE7EBE5} = {19C06765-3754-4F8A-A65B-F5CA98BD16AE}
		{3EEEE134-5013-4C90-9261-41198B7EF12F} = {B97C7974-3B43-465A-9BBA-E0182D43F4BB}
		{D2E65C80-01FE-4598-846C-F0D581E9AD59} = {B97C7974-3B43-465A-9BBA-E0182D43F4BB}
	EndGlobalSection
	GlobalSection(ExtensibilityGlobals) = postSolution
		SolutionGuid = {B35490E6-BB98-4F60-AF55-0C9A71D26FEF}
	EndGlobalSection
EndGlobal
