
Microsoft Visual Studio Solution File, Format Version 12.00
# Visual Studio Version 17
VisualStudioVersion = 17.10.35122.118
MinimumVisualStudioVersion = 10.0.40219.1
Project("{FAE04EC0-301F-11D3-BF4B-00C04F79EFBC}") = "XCEngine", "XCEngine\XCEngine.csproj", "{B2A55E4D-BFA0-424E-8DBE-B3758646B6AB}"
EndProject
Project("{FAE04EC0-301F-11D3-BF4B-00C04F79EFBC}") = "XCEngine.Server", "XCEngine.Server\XCEngine.Server.csproj", "{C65EEC46-3215-4EF8-A67B-D507B3EE1E06}"
EndProject
Project("{FAE04EC0-301F-11D3-BF4B-00C04F79EFBC}") = "XCEngine.Core", "XCEngine.Core\XCEngine.Core.csproj", "{9AAFA08E-748E-4091-86B0-95714D4141FE}"
EndProject
Global
	GlobalSection(SolutionConfigurationPlatforms) = preSolution
		Debug|Any CPU = Debug|Any CPU
		Release|Any CPU = Release|Any CPU
	EndGlobalSection
	GlobalSection(ProjectConfigurationPlatforms) = postSolution
		{B2A55E4D-BFA0-424E-8DBE-B3758646B6AB}.Debug|Any CPU.ActiveCfg = Debug|Any CPU
		{B2A55E4D-BFA0-424E-8DBE-B3758646B6AB}.Debug|Any CPU.Build.0 = Debug|Any CPU
		{B2A55E4D-BFA0-424E-8DBE-B3758646B6AB}.Release|Any CPU.ActiveCfg = Release|Any CPU
		{B2A55E4D-BFA0-424E-8DBE-B3758646B6AB}.Release|Any CPU.Build.0 = Release|Any CPU
		{C65EEC46-3215-4EF8-A67B-D507B3EE1E06}.Debug|Any CPU.ActiveCfg = Debug|Any CPU
		{C65EEC46-3215-4EF8-A67B-D507B3EE1E06}.Debug|Any CPU.Build.0 = Debug|Any CPU
		{C65EEC46-3215-4EF8-A67B-D507B3EE1E06}.Release|Any CPU.ActiveCfg = Release|Any CPU
		{C65EEC46-3215-4EF8-A67B-D507B3EE1E06}.Release|Any CPU.Build.0 = Release|Any CPU
		{9AAFA08E-748E-4091-86B0-95714D4141FE}.Debug|Any CPU.ActiveCfg = Debug|Any CPU
		{9AAFA08E-748E-4091-86B0-95714D4141FE}.Debug|Any CPU.Build.0 = Debug|Any CPU
		{9AAFA08E-748E-4091-86B0-95714D4141FE}.Release|Any CPU.ActiveCfg = Release|Any CPU
		{9AAFA08E-748E-4091-86B0-95714D4141FE}.Release|Any CPU.Build.0 = Release|Any CPU
	EndGlobalSection
	GlobalSection(SolutionProperties) = preSolution
		HideSolutionNode = FALSE
	EndGlobalSection
	GlobalSection(ExtensibilityGlobals) = postSolution
		SolutionGuid = {B35490E6-BB98-4F60-AF55-0C9A71D26FEF}
	EndGlobalSection
EndGlobal
